
Microsoft Visual Studio Solution File, Format Version 12.00
# Visual Studio Version 17
VisualStudioVersion = 17.7.34031.279
MinimumVisualStudioVersion = 10.0.40219.1
Project("{FAE04EC0-301F-11D3-BF4B-00C04F79EFBC}") = "Git Test", "Git Test.csproj", "{5CE5134E-8D36-4574-9F3F-CF9C8A8B6902}"
EndProject
Global
	GlobalSection(SolutionConfigurationPlatforms) = preSolution
		Debug|Any CPU = Debug|Any CPU
		Release|Any CPU = Release|Any CPU
	EndGlobalSection
	GlobalSection(ProjectConfigurationPlatforms) = postSolution
		{5CE5134E-8D36-4574-9F3F-CF9C8A8B6902}.Debug|Any CPU.ActiveCfg = Debug|Any CPU
		{5CE5134E-8D36-4574-9F3F-CF9C8A8B6902}.Debug|Any CPU.Build.0 = Debug|Any CPU
		{5CE5134E-8D36-4574-9F3F-CF9C8A8B6902}.Release|Any CPU.ActiveCfg = Release|Any CPU
		{5CE5134E-8D36-4574-9F3F-CF9C8A8B6902}.Release|Any CPU.Build.0 = Release|Any CPU
	EndGlobalSection
	GlobalSection(SolutionProperties) = preSolution
		HideSolutionNode = FALSE
	EndGlobalSection
	GlobalSection(ExtensibilityGlobals) = postSolution
		SolutionGuid = {384F723C-31DC-484A-86C1-FB22BB82E03A}
	EndGlobalSection
EndGlobal
